
Microsoft Visual Studio Solution File, Format Version 12.00
# Visual Studio 14
VisualStudioVersion = 14.0.25420.1
MinimumVisualStudioVersion = 10.0.40219.1
Project("{F184B08F-C81C-45F6-A57F-5ABD9991F28F}") = "Sistem Informasi Skripsi", "Sistem Informasi Skripsi\Sistem Informasi Skripsi.vbproj", "{2E2BF785-5C42-4583-A565-F65C9E349593}"
EndProject
Global
	GlobalSection(SolutionConfigurationPlatforms) = preSolution
		Debug|Any CPU = Debug|Any CPU
		Release|Any CPU = Release|Any CPU
	EndGlobalSection
	GlobalSection(ProjectConfigurationPlatforms) = postSolution
		{2E2BF785-5C42-4583-A565-F65C9E349593}.Debug|Any CPU.ActiveCfg = Debug|Any CPU
		{2E2BF785-5C42-4583-A565-F65C9E349593}.Debug|Any CPU.Build.0 = Debug|Any CPU
		{2E2BF785-5C42-4583-A565-F65C9E349593}.Release|Any CPU.ActiveCfg = Release|Any CPU
		{2E2BF785-5C42-4583-A565-F65C9E349593}.Release|Any CPU.Build.0 = Release|Any CPU
	EndGlobalSection
	GlobalSection(SolutionProperties) = preSolution
		HideSolutionNode = FALSE
	EndGlobalSection
	GlobalSection(ExtensibilityGlobals) = postSolution
		SolutionGuid = {97A83D0C-B69E-418C-B6B0-80477BBF2BE4}
	EndGlobalSection
EndGlobal
